
Microsoft Visual Studio Solution File, Format Version 12.00
# Visual Studio 14
VisualStudioVersion = 14.0.24720.0
MinimumVisualStudioVersion = 10.0.40219.1
Project("{D954291E-2A0B-460D-934E-DC6B0785DB48}") = "SuperReaperLib", "SuperReaperLib\SuperReaperLib.shproj", "{B6CA2819-288A-4297-B669-CCA13CEA27DD}"
EndProject
Global
	GlobalSection(SharedMSBuildProjectFiles) = preSolution
		SuperReaperLib\SuperReaperLib.projitems*{b6ca2819-288a-4297-b669-cca13cea27dd}*SharedItemsImports = 13
	EndGlobalSection
	GlobalSection(SolutionConfigurationPlatforms) = preSolution
		Debug|Any CPU = Debug|Any CPU
		Release|Any CPU = Release|Any CPU
	EndGlobalSection
	GlobalSection(SolutionProperties) = preSolution
		HideSolutionNode = FALSE
	EndGlobalSection
EndGlobal
